version = 1
revision = 3
requires-python = ">=3.11"

[[package]]
name = "alabanza"
version = "0.1.0"
source = { editable = "." }
dependencies = [
    { name = "pillow" },
    { name = "python-mpv" },
]

[package.optional-dependencies]
device = [
    { name = "luma-oled" },
]
emu = [
    { name = "luma-emulator" },
]

[package.metadata]
requires-dist = [
    { name = "luma-emulator", marker = "extra == 'emu'", specifier = ">=1.5" },
    { name = "luma-oled", marker = "extra == 'device'", specifier = ">=3.13" },
    { name = "pillow", specifier = ">=10.1" },
    { name = "python-mpv", specifier = ">=1.0.7" },
]
provides-extras = ["device", "emu"]

[[package]]
name = "cbor2"
version = "6.1.4"
source = { registry = "https://pypi.org/simple" }
sdist = { url = "https://files.pythonhosted.org/packages/c6/14/b02446bacfe44351b1689c04937ade007588f44570431880a6937e525e6c/cbor2-6.1.4.tar.gz", hash = "sha256:01ecc79a28f33d17331943ce508fc1e21f4b06553c73f874f4c77120d72b2ef9", size = 90840, upload-time = "2026-08-01T20:41:39.797Z" }
wheels = [
    { url = "https://files.pythonhosted.org/packages/a7/84/1e363301c06f509963d134f5479e82b3ade87fb1495ddacf9bf7ff24ac42/cbor2-6.1.4-cp311-cp311-macosx_11_0_arm64.whl", hash = "sha256:8156fdeb73c3ff6c8cf67ad414fb5c887cd708ff0af6d61f62629f41cb4c17b2", size = 414947, upload-time = "2026-08-01T20:40:37.405Z" },
    { url = "https://files.pythonhosted.org/packages/8d/96/d8e1ed3e79ea20a3423a96b5c89ce794fa02cb428e4429e601f8ebcbac7c/cbor2-6.1.4-cp311-cp311-manylinux_2_28_aarch64.whl", hash = "sha256:e1fe2d62c50df290576280b18247ec63486f78be73e285bae269c2456c6ddff0", size = 457343, upload-time = "2026-08-01T20:40:38.868Z" },
    { url = "https://files.pythonhosted.org/packages/d5/0c/5796c2ed2dcd0696fc4abedf0ea0dfd5361b3f022a311481f977fa51b2b8/cbor2-6.1.4-cp311-cp311-manylinux_2_28_x86_64.whl", hash = "sha256:c204a75f91f8cd9ed0881f6b88ec395c59aeac9fcf4d08155e7f899db2a1c46e", size = 464314, upload-time = "2026-08-01T20:40:40.63Z" },
    { url = "https://files.pythonhosted.org/packages/b1/88/de524c6c2c91b740e5df6e6955a113fb616e979b26fd2e6a0693082d36e0/cbor2-6.1.4-cp311-cp311-musllinux_1_2_aarch64.whl", hash = "sha256:28fa5db05a7eae8fd80709959988d8a7f12838c6d4e5c58ec951414058641195", size = 523053, upload-time = "2026-08-01T20:40:42.602Z" },
    { url = "https://files.pythonhosted.org/packages/84/07/cb5fd92834633508d680a5b5695aeaf99d33ca0bdc5b844550d538f335b0/cbor2-6.1.4-cp311-cp311-musllinux_1_2_x86_64.whl", hash = "sha256:316e217a496640418d3137483279d0e70053b000cdd4b52a4dbf20ea478bc40a", size = 532177, upload-time = "2026-08-01T20:40:44.058Z" },
    { url = "https://files.pythonhosted.org/packages/c9/19/be98721365edfe6fc23e6bcd1385afa0e960b247c5f0b50bb67f5d05e2d9/cbor2-6.1.4-cp311-cp311-win32.whl", hash = "sha256:4903f24e0f9087275a0b6606c8b0aa586277001d51e4844fcdbc5b7211330aa8", size = 281660, upload-time = "2026-08-01T20:40:45.761Z" },
    { url = "https://files.pythonhosted.org/packages/16/23/d54f679d4b155918f5a0879dab78203ce4fd514d311b7cfeba27dafe480b/cbor2-6.1.4-cp311-cp311-win_amd64.whl", hash = "sha256:5b99305d4013867e059f147752b95f728680682ab03d75a3f4dcfbb270d8dfe9", size = 303207, upload-time = "2026-08-01T20:40:47.293Z" },
    { url = "https://files.pythonhosted.org/packages/53/3c/b3839d6213c88b249ba860525df05ff18b27bdc28ebc09cb1547790f001a/cbor2-6.1.4-cp311-cp311-win_arm64.whl", hash = "sha256:bd20ecc5c8ece24db952e48a91c8c47319eaa6358af707c85ac2bb388a79abc8", size = 296123, upload-time = "2026-08-01T20:40:48.808Z" },
    { url = "https://files.pythonhosted.org/packages/2e/76/fb64293c19cafb860060310c57b768fd9cfb7cf592449660b756538cc116/cbor2-6.1.4-cp312-cp312-macosx_11_0_arm64.whl", hash = "sha256:1fc15061553e4494dc10883237501e3402c645fe509248dd698e1faf2460d68b", size = 404608, upload-time = "2026-08-01T20:40:50.219Z" },
    { url = "https://files.pythonhosted.org/packages/96/ac/f58b3bafce7c86ada2ad8eaf189453136d2cf5bae526ea0540e1b9bc9d06/cbor2-6.1.4-cp312-cp312-manylinux_2_28_aarch64.whl", hash = "sha256:d9ada5a6ccfbb8ea7a3aa2aeb028421b52d8e0cd9323f0a2aeaa9c09d25fbce2", size = 449851, upload-time = "2026-08-01T20:40:51.725Z" },
    { url = "https://files.pythonhosted.org/packages/f0/a5/10c6c126d59b07f2bd005094dd12a20afa46146f7e2673ed6f61a57641a7/cbor2-6.1.4-cp312-cp312-manylinux_2_28_x86_64.whl", hash = "sha256:310f3dfb296ba48fe9b63c5cf26e691e3548a1eae6901d2f0c18e941d151f220", size = 461193, upload-time = "2026-08-01T20:40:53.446Z" },
    { url = "https://files.pythonhosted.org/packages/15/e4/4445e6237088d1cca3b8536daeb90d6b4e23776de5609c9fa46773874757/cbor2-6.1.4-cp312-cp312-musllinux_1_2_aarch64.whl", hash = "sha256:5e6c76004d674ad1c620660cb0bc5a8a0b72a5d8c7b70926d8e09e6d7e87332f", size = 516937, upload-time = "2026-08-01T20:40:54.952Z" },
    { url = "https://files.pythonhosted.org/packages/8c/87/9c0959510f7a402e5995c81ccfd82cb9f314140dc0cce88c12836e5b93f1/cbor2-6.1.4-cp312-cp312-musllinux_1_2_x86_64.whl", hash = "sha256:32a4663425fbca4a4a7aa918eb5789d844c406439e58424cf34511f79f559242", size = 529229, upload-time = "2026-08-01T20:40:56.365Z" },
    { url = "https://files.pythonhosted.org/packages/91/8e/6811e4ee84203ac657f6f461a37c7c9ba0287bde80eb83c7971e9b3fe156/cbor2-6.1.4-cp312-cp312-win32.whl", hash = "sha256:2310f07db3f9ba26f2a623774ff9f3dc7185af54f732ea119785a6b1bf7e1e7e", size = 278810, upload-time = "2026-08-01T20:40:57.76Z" },
    { url = "https://files.pythonhosted.org/packages/da/27/87440788fc0d9513534c3c699238e2a9ca6010f8cb72e9c203b7af20a9f6/cbor2-6.1.4-cp312-cp312-win_amd64.whl", hash = "sha256:cc8cd300e236e9797b2e1ce306109dc481fcccf78bfa2682bf36d99e6eab1ec6", size = 299971, upload-time = "2026-08-01T20:40:59.256Z" },
    { url = "https://files.pythonhosted.org/packages/23/f9/77981e6e63092de19d7306a09a12b0eb3fd2907dc22c10dd5d389eb27faf/cbor2-6.1.4-cp312-cp312-win_arm64.whl", hash = "sha256:553a46bda7d09552631a714e22b91e6ff2c867ecd91511596ce290d8879b8d5b", size = 290662, upload-time = "2026-08-01T20:41:00.89Z" },
    { url = "https://files.pythonhosted.org/packages/0d/17/0b20c88e76942ede86c98cdce138681690f95908c540c264fff847729cd4/cbor2-6.1.4-cp313-cp313-macosx_11_0_arm64.whl", hash = "sha256:c48a7c938fc5fa5300ff82b5df09068dcb4838685ae8556b5ee8279d74f97ab4", size = 403677, upload-time = "2026-08-01T20:41:02.561Z" },
    { url = "https://files.pythonhosted.org/packages/35/3d/93eed770864540c5c9ea0841008208e9db686b7335f42520705b7d6dc6b2/cbor2-6.1.4-cp313-cp313-manylinux_2_28_aarch64.whl", hash = "sha256:4bd29f21529e279d50fc14f1a811f7b05b4d8e66a7969163cce98983b6817245", size = 449762, upload-time = "2026-08-01T20:41:04.094Z" },
    { url = "https://files.pythonhosted.org/packages/e3/21/69e4d37f00319b3d37322355aedc83154b4d8b75dc9e9789c06e1fbd8a92/cbor2-6.1.4-cp313-cp313-manylinux_2_28_x86_64.whl", hash = "sha256:36ae16d64b1f7b620c1af748e7b6947e20069ef80eee56871c5fbb84cc635905", size = 460420, upload-time = "2026-08-01T20:41:05.891Z" },
    { url = "https://files.pythonhosted.org/packages/be/26/2cfdd5ee826205a88a826bb38b7a572c676ec3efa29574be5cdbd04b4859/cbor2-6.1.4-cp313-cp313-musllinux_1_2_aarch64.whl", hash = "sha256:69978901302ecbc8cda57b520487c5c5240ed217de783eb7728fceb258311d76", size = 516490, upload-time = "2026-08-01T20:41:07.52Z" },
    { url = "https://files.pythonhosted.org/packages/82/86/d687cd1c2c9f9a986e8552ad1fdbd22411cc86389b5705dba6ec6f7e3226/cbor2-6.1.4-cp313-cp313-musllinux_1_2_x86_64.whl", hash = "sha256:ad4efa23fee6447e56a269191044e06eb39e809458bcd674e164fe9445feafd0", size = 528810, upload-time = "2026-08-01T20:41:09.144Z" },
    { url = "https://files.pythonhosted.org/packages/40/08/88cecf20b8825bdd991c47b317415c08ef9e7d5f05a1def9acd346edabde/cbor2-6.1.4-cp313-cp313-win32.whl", hash = "sha256:d2560c2ba6a95904ba2a0ca257af878c4344409d9b46d8e646d8ebb617b1e0dd", size = 278058, upload-time = "2026-08-01T20:41:10.48Z" },
    { url = "https://files.pythonhosted.org/packages/0e/67/ba140234a6415c16dcfbe0585ce12f905157b70e9cb1bb63a2b6d5721e70/cbor2-6.1.4-cp313-cp313-win_amd64.whl", hash = "sha256:c08b9c7d2ea013e24a0cb819b872b0119dde404f64a1182c0b24095b7bba781f", size = 299315, upload-time = "2026-08-01T20:41:12.067Z" },
    { url = "https://files.pythonhosted.org/packages/5f/7f/35d53ff4252a5a85656480d3a81d5a5af823979ccd0c5cac95196a7548a6/cbor2-6.1.4-cp313-cp313-win_arm64.whl", hash = "sha256:598710183daae69cbdeb177a870ec64aa601de8138a61491fd256826d15a860f", size = 289976, upload-time = "2026-08-01T20:41:13.63Z" },
    { url = "https://files.pythonhosted.org/packages/05/5d/c5374c76471ab41dff4420a276569a56352e83166374fba6f40fd0bde7ad/cbor2-6.1.4-cp314-cp314-macosx_11_0_arm64.whl", hash = "sha256:24da0a481294ac416e1e369e2d204b2b1d993cbd082d0d99fa3d6f5f27ae5e69", size = 407497, upload-time = "2026-08-01T20:41:15.189Z" },
    { url = "https://files.pythonhosted.org/packages/46/f9/b9f12a5e24d5ae355e4c0f6d37330a2bbedad3331247a223a51c4cd39d5e/cbor2-6.1.4-cp314-cp314-manylinux_2_28_aarch64.whl", hash = "sha256:0859a0837e6e2d4fe5f5b849f6475797e4db545da98c19db4b1d3487bd47aa22", size = 452191, upload-time = "2026-08-01T20:41:16.705Z" },
    { url = "https://files.pythonhosted.org/packages/67/22/8224b01f95a6fe07b1a64082aea34d9f49068392b3de93f5f3a10c73c62e/cbor2-6.1.4-cp314-cp314-manylinux_2_28_x86_64.whl", hash = "sha256:c0f5f2d6d3b58e44146860c049f3c082207a4005588b8926d51bf937ab66773c", size = 462383, upload-time = "2026-08-01T20:41:18.17Z" },
    { url = "https://files.pythonhosted.org/packages/92/52/437e4aa4f5df1fb41020d64b3d99a8239f0f99a3a75eb6ffa5cb66004b7f/cbor2-6.1.4-cp314-cp314-musllinux_1_2_aarch64.whl", hash = "sha256:239db0f92d537fd29eaec4e40195fc3b2b48bc34a5887059658162489a9eb6ae", size = 518700, upload-time = "2026-08-01T20:41:19.592Z" },
    { url = "https://files.pythonhosted.org/packages/7d/45/2f5ea5bfe0fd800b3739c7df8679bdffa9f7def6b2f2fee064ada1c63e85/cbor2-6.1.4-cp314-cp314-musllinux_1_2_x86_64.whl", hash = "sha256:3f4a434c36bb0d33aeb48ddae8e8b673ca7e1f14545ee7cf4a4c7c39380ea9a2", size = 531243, upload-time = "2026-08-01T20:41:21.21Z" },
    { url = "https://files.pythonhosted.org/packages/bd/c6/0beac64cb74cd3217f295f9bb0d64675e1809c683a31ea2a49ac9d4d1504/cbor2-6.1.4-cp314-cp314-win32.whl", hash = "sha256:6abcf072b8c0fdc8ad7902ee26a906cafbf3427d026b662ff21166a253f85e18", size = 285248, upload-time = "2026-08-01T20:41:22.658Z" },
    { url = "https://files.pythonhosted.org/packages/bb/7d/4afa096ddc94049f5a514690891b02a18319e146ceb14465ce30c8340a8b/cbor2-6.1.4-cp314-cp314-win_amd64.whl", hash = "sha256:855764e02dc60ab9413acd044e997c3170000fdea6155d6c43a923a1d966dbe6", size = 313044, upload-time = "2026-08-01T20:41:24.066Z" },
    { url = "https://files.pythonhosted.org/packages/e5/b5/e614cee861772f6b5c4d926b066d2e7dbc11e220b50ba716ba91e430fb0f/cbor2-6.1.4-cp314-cp314-win_arm64.whl", hash = "sha256:c6b28b928c5f2dbf47dffa12dce9c8e36fe6ac1c1358bc326499c0736263b66f", size = 304088, upload-time = "2026-08-01T20:41:25.431Z" },
    { url = "https://files.pythonhosted.org/packages/9e/41/3b28184154f6cbf7e47c1b7fb4a7a291c54f27a6f3a0a2f64b078c6a13e1/cbor2-6.1.4-cp314-cp314t-macosx_11_0_arm64.whl", hash = "sha256:7336ff4cb7d161ec43b65eef43bf3e9bcab44bd152efb54dd637b7afe711254f", size = 401042, upload-time = "2026-08-01T20:41:26.819Z" },
    { url = "https://files.pythonhosted.org/packages/d5/1a/a8624023b84b41c43a150a89517c104aed0e467bd258866f13be4c3ac0c6/cbor2-6.1.4-cp314-cp314t-manylinux_2_28_aarch64.whl", hash = "sha256:8f1019494b0ec81a3df3ebb01b6acb446d5b946fe35845b1726379abd66a71da", size = 445301, upload-time = "2026-08-01T20:41:28.35Z" },
    { url = "https://files.pythonhosted.org/packages/60/39/07dd0ea957c1f48673d3947f97ee36826efd4a824053dd0ec4df2f0c89d6/cbor2-6.1.4-cp314-cp314t-manylinux_2_28_x86_64.whl", hash = "sha256:179a794bf4be1d46ff190695929f65f0b42019c156919846ae539d2a7ec42e54", size = 459816, upload-time = "2026-08-01T20:41:29.839Z" },
    { url = "https://files.pythonhosted.org/packages/23/8e/2015175132a27c1daed434f671ac6d9c1311461995df47f201307700e0da/cbor2-6.1.4-cp314-cp314t-musllinux_1_2_aarch64.whl", hash = "sha256:9b904b8d0f4ddac9259197d21d121fae4cb8b555700d65bc12c5d46a2e6c2025", size = 511565, upload-time = "2026-08-01T20:41:31.939Z" },
    { url = "https://files.pythonhosted.org/packages/82/66/420991095d9473614b205d4c4e40b5d3b9f1ee4410eb3c48c1e902947837/cbor2-6.1.4-cp314-cp314t-musllinux_1_2_x86_64.whl", hash = "sha256:71fcf4f237d68bf4445bf45070f36f82b333f2e6a62612aa2c256683b51378a9", size = 527709, upload-time = "2026-08-01T20:41:33.413Z" },
    { url = "https://files.pythonhosted.org/packages/cc/7c/73057e7a38488a816a0d40ff9e7cd9f418800894582e2e48fb2f47ce66a2/cbor2-6.1.4-cp314-cp314t-win32.whl", hash = "sha256:7deccc50fd0b55c4c7dd265b144c5358a645121e457c0ae3722b5ad59832b257", size = 281462, upload-time = "2026-08-01T20:41:35.127Z" },
    { url = "https://files.pythonhosted.org/packages/99/5d/d5db22837cb566de733b9d1c418cdf1912ccb1efc7b179e295430b1d81a2/cbor2-6.1.4-cp314-cp314t-win_amd64.whl", hash = "sha256:f3fc7d15cba4174373df2496070faa4a927fe3ed772130d281808120aec7b61c", size = 309165, upload-time = "2026-08-01T20:41:36.716Z" },
    { url = "https://files.pythonhosted.org/packages/29/5f/ff2c6da83553a692219a0a62a21b57a27ded4405200e50db758a17fbaf15/cbor2-6.1.4-cp314-cp314t-win_arm64.whl", hash = "sha256:164ca22b509408435b2d8236c80c964e4fc77c085ab034569cd04c40d5cc8883", size = 298386, upload-time = "2026-08-01T20:41:38.392Z" },
]

[[package]]
name = "luma-core"
version = "2.6.0"
source = { registry = "https://pypi.org/simple" }
dependencies = [
    { name = "cbor2" },
    { name = "pillow" },
    { name = "smbus2" },
]
sdist = { url = "https://files.pythonhosted.org/packages/06/ad/995c228696fa9ce36837df8705178d2b7c5de653117a2c6c36a8fb49db85/luma_core-2.6.0.tar.gz", hash = "sha256:3ddb673f9699a148d3ccfee2985451b01ddd4b4ea66b65a9664ce36806cf411c", size = 106871, upload-time = "2026-08-04T18:18:40.819Z" }
wheels = [
    { url = "https://files.pythonhosted.org/packages/fd/b6/b69c1212282efec919ce6e1023e639f091ea7b3c16d33f0f6958950dff13/luma_core-2.6.0-py3-none-any.whl", hash = "sha256:ee2c048982942d936eb3720f17d42262cd1a5085a401cce81de4cbc25bed86f9", size = 72794, upload-time = "2026-08-04T18:18:39.585Z" },
]

[[package]]
name = "luma-emulator"
version = "1.7.0"
source = { registry = "https://pypi.org/simple" }
dependencies = [
    { name = "luma-core" },
    { name = "pygame" },
]
sdist = { url = "https://files.pythonhosted.org/packages/65/ea/4962e87863341c70996b02ab3387c902b7308c153251373765d78c19ef9e/luma_emulator-1.7.0.tar.gz", hash = "sha256:0f4bc1d528fe4f4aa4a6f98c8f7120b915bba1878f67899067ba88e98250b444", size = 879307, upload-time = "2026-02-01T17:14:46.549Z" }
wheels = [
    { url = "https://files.pythonhosted.org/packages/cf/1b/98b23ed86658b0134fefcbeea986943acfc368f3e37b5b691219edefb3eb/luma_emulator-1.7.0-py2.py3-none-any.whl", hash = "sha256:0accb342e12441bdb602c5daa8a1d54a93e09eba8f0c4be2093d7ab066dfa151", size = 27129, upload-time = "2026-02-01T17:14:45.358Z" },
]

[[package]]
name = "luma-oled"
version = "3.15.0"
source = { registry = "https://pypi.org/simple" }
dependencies = [
    { name = "luma-core" },
]
sdist = { url = "https://files.pythonhosted.org/packages/f9/36/cad8c85b0206ffbbbb7d2609fdb376666521a503837b6e853a4600f09d5f/luma_oled-3.15.0.tar.gz", hash = "sha256:16925fe668f484803df0683add800b19e5dd7316a1d64eb06ec2ae817473901e", size = 20220114, upload-time = "2026-03-07T14:25:42.169Z" }
wheels = [
    { url = "https://files.pythonhosted.org/packages/f9/17/0c5addb4e42b3494a11384344f1899e4f2b9b98c64c0285cb426963af255/luma_oled-3.15.0-py3-none-any.whl", hash = "sha256:2928d9465ab71b1cd8538c6aec2d51c0fc61a42a5bd27b51b0e6fdd80bc0fd39", size = 33829, upload-time = "2026-03-07T14:25:40.071Z" },
]

[[package]]
name = "pillow"
version = "12.3.0"
source = { registry = "https://pypi.org/simple" }
sdist = { url = "https://files.pythonhosted.org/packages/1c/3d/bb7fca845737cf9d7dbde16ed1843984665ff2e0a518f5db43e77ec540b9/pillow-12.3.0.tar.gz", hash = "sha256:3b8182a766685eaa002637e28b4ec8d6b18819a0c71f579bf0dbaa5830297cce", size = 47025035, upload-time = "2026-07-01T11:56:38.965Z" }
wheels = [
    { url = "https://files.pythonhosted.org/packages/fb/c8/0a78b0e02d7ac54bc03e5321c9220da52f0c2ea83b21f7c40e7f3169c502/pillow-12.3.0-cp311-cp311-macosx_10_10_x86_64.whl", hash = "sha256:00808c5e14ef63ac5161091d242999076604ff74b883423a11e5d7bbb38bf756", size = 5392415, upload-time = "2026-07-01T11:53:47.162Z" },
    { url = "https://files.pythonhosted.org/packages/b2/5b/a02d30018abd97ced9f5a6c63d28597694a00d066516b9c1c6de45859fc9/pillow-12.3.0-cp311-cp311-macosx_11_0_arm64.whl", hash = "sha256:37d6d0a00072fd2948eb22bce7e1475f34569d90c87c59f7a2ec59541b77f7a6", size = 4785266, upload-time = "2026-07-01T11:53:49.079Z" },
    { url = "https://files.pythonhosted.org/packages/c8/98/766667a4be768150a202836acd9fad19c06824ca86c4286d3cf6b274964e/pillow-12.3.0-cp311-cp311-manylinux_2_27_aarch64.manylinux_2_28_aarch64.whl", hash = "sha256:bcb46e2f9feff8d06323983bd83ed00c201fdcab3d74973e7072a889b3979fcd", size = 6263814, upload-time = "2026-07-01T11:53:51.32Z" },
    { url = "https://files.pythonhosted.org/packages/3b/2d/ede717bc1144f63886c21fd349bb95860b0d1a21149ff16f2bb362b612b6/pillow-12.3.0-cp311-cp311-manylinux_2_27_x86_64.manylinux_2_28_x86_64.whl", hash = "sha256:23d27a3e0307ec2244cc51e7287b919aa68d097504ebe19df4e76a98a3eea5bd", size = 6934408, upload-time = "2026-07-01T11:53:53.487Z" },
    { url = "https://files.pythonhosted.org/packages/a3/48/9c58b685e69d49c31af6c8eb9012055fab7e665785165c84796e2c73ce72/pillow-12.3.0-cp311-cp311-musllinux_1_2_aarch64.whl", hash = "sha256:4f883547d4b7f0495ebe7056b0cc2aea76094e7a4abc8e933540f3271df27d9c", size = 6337160, upload-time = "2026-07-01T11:53:55.457Z" },
    { url = "https://files.pythonhosted.org/packages/ff/fa/dc2a5c0ba6df93f67c31d34b808b7ce440b40cdbf96f0b81cde1d1e6fa93/pillow-12.3.0-cp311-cp311-musllinux_1_2_x86_64.whl", hash = "sha256:236ff70b9312fb68943c703aa842ca6a758abfa45ac187a5e7c1452e96ef72b5", size = 7045172, upload-time = "2026-07-01T11:53:57.736Z" },
    { url = "https://files.pythonhosted.org/packages/86/a5/444817a4d4c4c2417df00513086ca196f388d8f9ef40c2e4ccd1ad1af54b/pillow-12.3.0-cp311-cp311-win32.whl", hash = "sha256:10e41f0fbf1eec8cfd234b8fe17a4caac7c9d0db4c204d3c173a8f9f6ef3232b", size = 6472232, upload-time = "2026-07-01T11:53:59.767Z" },
    { url = "https://files.pythonhosted.org/packages/63/c6/4bad1b18d132a50b27e1365e1ab163616f7a5bb56d330f66f9d1d9d4f9d4/pillow-12.3.0-cp311-cp311-win_amd64.whl", hash = "sha256:8e95e1385e4998ae9694eeaa4730ba5457ff61185b3a55e2e7bea0880aef452a", size = 7233653, upload-time = "2026-07-01T11:54:02.066Z" },
    { url = "https://files.pythonhosted.org/packages/fd/16/00f91ab7760dc842f5aad55217e80fc4a7067a0604535249bc8a2d6d9870/pillow-12.3.0-cp311-cp311-win_arm64.whl", hash = "sha256:ebaea975e03d3141d9d3a507df75c9b3ec90fa9d2ffd07567b3a978d9d790b26", size = 2568195, upload-time = "2026-07-01T11:54:04.622Z" },
    { url = "https://files.pythonhosted.org/packages/37/bf/fb3ebff8ddcb76aac5a01389251bbbb9519922a9b520d8247c1ca864a25d/pillow-12.3.0-cp312-cp312-macosx_10_13_x86_64.whl", hash = "sha256:ba09209fbe443b4acccebe845d8a138b89a8f4fbaeedd44953490b5315d5e965", size = 5345969, upload-time = "2026-07-01T11:54:06.397Z" },
    { url = "https://files.pythonhosted.org/packages/d8/66/9a386a92561f402389a4fc70c18838bf6d35eb5eb5c6850b4b2dc64f5048/pillow-12.3.0-cp312-cp312-macosx_11_0_arm64.whl", hash = "sha256:ffd0c5368496f41b0944be820fcb7a838aa6e623d250b01acf2643939c3f99d7", size = 4780323, upload-time = "2026-07-01T11:54:09.351Z" },
    { url = "https://files.pythonhosted.org/packages/25/27/ac8f99618ffd3dde21db0f4d4b1d2ab00c0880595bfd17df103f7f39fd0c/pillow-12.3.0-cp312-cp312-manylinux_2_27_aarch64.manylinux_2_28_aarch64.whl", hash = "sha256:d9c7f76c0673154f044e9d78c8655fb4213f6ca31a836df48b40fe5d187717b9", size = 6266838, upload-time = "2026-07-01T11:54:11.71Z" },
    { url = "https://files.pythonhosted.org/packages/84/21/a35af28dcc61f37ed850a2d64c65c701321dfbf25085e469d5559360cbbf/pillow-12.3.0-cp312-cp312-manylinux_2_27_x86_64.manylinux_2_28_x86_64.whl", hash = "sha256:78cb2c6865a35ab8ff8b75fd122f6033b92a62c82801110e48ddd6c936a45d91", size = 6940830, upload-time = "2026-07-01T11:54:13.732Z" },
    { url = "https://files.pythonhosted.org/packages/eb/51/8b08617af3ad95e33ce6d7dd2c99ed6c8298f7fb131636303956be022e25/pillow-12.3.0-cp312-cp312-musllinux_1_2_aarch64.whl", hash = "sha256:e491916b378fba47242221bb9ead245211b70d504f495d105d17b14a24b4907c", size = 6344383, upload-time = "2026-07-01T11:54:15.756Z" },
    { url = "https://files.pythonhosted.org/packages/1d/72/cf78ac9780bb93c28328f408973845a309d4d145041665f734572ced1b52/pillow-12.3.0-cp312-cp312-musllinux_1_2_x86_64.whl", hash = "sha256:0dd2064cbc55aaec028ef5fbb60fa47bb6c3e7918e07ff17935284b227a9d2df", size = 7052934, upload-time = "2026-07-01T11:54:17.721Z" },
    { url = "https://files.pythonhosted.org/packages/20/20/25e0f4dc178a6bc0696793720055519a0de89e7661dae886992decbd2f81/pillow-12.3.0-cp312-cp312-win32.whl", hash = "sha256:dbce0b29841537a2fa4a214c2bbf14de3587c9680caa9b4e217568472490b28f", size = 6472684, upload-time = "2026-07-01T11:54:19.839Z" },
    { url = "https://files.pythonhosted.org/packages/45/89/da2f7971a317f83d807fdd4065c0af40208e59e692cc43d315a71a0e96d1/pillow-12.3.0-cp312-cp312-win_amd64.whl", hash = "sha256:a2b55dd6b2a4c4b7d87ffa56bdb33fdc5fdb9a462173861a7bc097f17d91cb09", size = 7227137, upload-time = "2026-07-01T11:54:22.025Z" },
    { url = "https://files.pythonhosted.org/packages/de/47/4845a0a6c0dbf1db8456bd9fc791f13c5ced7ced20606d08a0aacfd25b49/pillow-12.3.0-cp312-cp312-win_arm64.whl", hash = "sha256:331b624368d4f1d069149002f25f44bc61c8919ce8ddb3c45bdad8f6e2d89510", size = 2568267, upload-time = "2026-07-01T11:54:24.051Z" },
    { url = "https://files.pythonhosted.org/packages/9d/ac/31fb64e1e7efb5a4b50cd3d92049ba89ac6e4d8d3bb6a74e15048ca3353e/pillow-12.3.0-cp313-cp313-ios_13_0_arm64_iphoneos.whl", hash = "sha256:21900ce7ba264168cd50defae43cd75d25c833ad4ad6e73ffc5596d12e25ac89", size = 4161684, upload-time = "2026-07-01T11:54:25.934Z" },
    { url = "https://files.pythonhosted.org/packages/87/b4/9805e23d2b4d77842b468513841fda254ee42f0289d25088340e4ff46e2d/pillow-12.3.0-cp313-cp313-ios_13_0_arm64_iphonesimulator.whl", hash = "sha256:4e8c2a84d977f50b9daed6eeaf3baef67d00d5d74d932288f02cb94518ee3ace", size = 4255487, upload-time = "2026-07-01T11:54:27.935Z" },
    { url = "https://files.pythonhosted.org/packages/df/39/ecf519435a200c693fe053a6ee4d835b41cf963a4dfc2551c4e637cb2a71/pillow-12.3.0-cp313-cp313-ios_13_0_x86_64_iphonesimulator.whl", hash = "sha256:ae26d61dfa7a47befdc7572b521024e8745f3d809bd95ca9505a7bba9ef849ec", size = 3696433, upload-time = "2026-07-01T11:54:29.813Z" },
    { url = "https://files.pythonhosted.org/packages/42/92/2fc3ffad878ae8dd5469ec1bc8eb83b71f48e13efdf68f02709003982a32/pillow-12.3.0-cp313-cp313-macosx_10_13_x86_64.whl", hash = "sha256:7a743ff716f746fc19a9557f60dab1600d4613255f8a7aeb3cdde4db7eb15a66", size = 5345889, upload-time = "2026-07-01T11:54:31.97Z" },
    { url = "https://files.pythonhosted.org/packages/10/76/8803c13605b763d33d156c4678fc77f8443389c0c51c8aef707bb02015f4/pillow-12.3.0-cp313-cp313-macosx_11_0_arm64.whl", hash = "sha256:d69141514cc30b774ceea5e3ed3a6635c8d8a96edf664689b890f4089111fb35", size = 4780109, upload-time = "2026-07-01T11:54:34.026Z" },
    { url = "https://files.pythonhosted.org/packages/1f/01/e18aff37cb0b4aac47ac90f016d347a49aca667ef97f190b06ac2aabc928/pillow-12.3.0-cp313-cp313-manylinux_2_27_aarch64.manylinux_2_28_aarch64.whl", hash = "sha256:f7401aebd7f581d7f83a439d87d474999317ee099218e5ad25d125290990ba65", size = 6263736, upload-time = "2026-07-01T11:54:36.131Z" },
    { url = "https://files.pythonhosted.org/packages/f7/62/de5bdd77d935331f4f802edc11e4d82950f642caad6cb2f949837b8560e2/pillow-12.3.0-cp313-cp313-manylinux_2_27_x86_64.manylinux_2_28_x86_64.whl", hash = "sha256:0847a763afefb695bc912d7c131e7e0632d4edc1d8698f58ddabec8e46b8b6d3", size = 6937129, upload-time = "2026-07-01T11:54:38.216Z" },
    { url = "https://files.pythonhosted.org/packages/70/4d/105627a13300c5e0df1d174230b32fd1273062c96f7745fd552b945d1e1d/pillow-12.3.0-cp313-cp313-musllinux_1_2_aarch64.whl", hash = "sha256:571b9fcb07b97ef3a492028fb3d2dc0993ca23a06138b0315286566d29ef718a", size = 6339562, upload-time = "2026-07-01T11:54:40.354Z" },
    { url = "https://files.pythonhosted.org/packages/6b/1d/f13de01a553988ab895ba1c722e06cf3144d4f57656fd5b81b6d881f1179/pillow-12.3.0-cp313-cp313-musllinux_1_2_x86_64.whl", hash = "sha256:756c768d0c9c2955feb7a56c37ea24aea2e369f8d36a88da270b6a9f19e62b5e", size = 7049439, upload-time = "2026-07-01T11:54:42.489Z" },
    { url = "https://files.pythonhosted.org/packages/c9/f9/066794cca041b969964f779ee5fa66a9498bbf34248ac39c5d7954e4198f/pillow-12.3.0-cp313-cp313-win32.whl", hash = "sha256:a876864214e136f0eb367788dbd7df045f4806801518e2cfe9e13229cfe06d8f", size = 6473287, upload-time = "2026-07-01T11:54:44.9Z" },
    { url = "https://files.pythonhosted.org/packages/a6/9b/7a58e61d62be561da3a356fe2384d4059a6345fc130e23ef1c36a5b81d24/pillow-12.3.0-cp313-cp313-win_amd64.whl", hash = "sha256:1cca606cd25738df4ed873d5ad46bbdb3d83b5cbca291f6b4ff13a4df6b0bbe8", size = 7239691, upload-time = "2026-07-01T11:54:47.141Z" },
    { url = "https://files.pythonhosted.org/packages/aa/b0/c4ed4f0ef8f8fa5ee8351537db6650bb8189f7e118842978dd6589065692/pillow-12.3.0-cp313-cp313-win_arm64.whl", hash = "sha256:b629de27fda84b42cde7edef0d85f13b958b47f6e9bbcbba9b673c562a89bd8b", size = 2568185, upload-time = "2026-07-01T11:54:49.137Z" },
    { url = "https://files.pythonhosted.org/packages/dc/01/001f65b68192f0228cc1dbbc8d2530ab5d58b61037ba0587f946fea607cd/pillow-12.3.0-cp314-cp314-ios_13_0_arm64_iphoneos.whl", hash = "sha256:9cf95fe4d0f84c82d282745d9bb08ad9f926efa00be4697e767b814ce40d4330", size = 4161736, upload-time = "2026-07-01T11:54:51.156Z" },
    { url = "https://files.pythonhosted.org/packages/1a/d2/0219746d0fd16fc8a84498e79452375be3797d3ce4044596ce565164b84f/pillow-12.3.0-cp314-cp314-ios_13_0_arm64_iphonesimulator.whl", hash = "sha256:8728f216dcdb6e6d555cf971cb34076139ad74b31fc2c14da4fafc741c5f6217", size = 4255435, upload-time = "2026-07-01T11:54:53.414Z" },
    { url = "https://files.pythonhosted.org/packages/c8/02/8d0bc62ef0302318c46ff2a512822d2610e81c7aa46c9b3abe6cbaca5ad0/pillow-12.3.0-cp314-cp314-ios_13_0_x86_64_iphonesimulator.whl", hash = "sha256:a45650e8ce7fafffd731db8550230db6b0d306d181a90b67d3e6bca2f1990930", size = 3696262, upload-time = "2026-07-01T11:54:55.739Z" },
    { url = "https://files.pythonhosted.org/packages/85/e2/73c77d218410b14f5f2d565e8a998d5317b7b9c75368d29985139f7a46f0/pillow-12.3.0-cp314-cp314-macosx_10_15_x86_64.whl", hash = "sha256:ba54cfebe86920a559a7c4d6b9050791c20513650a1952ebe3368c7dc70306f8", size = 5350344, upload-time = "2026-07-01T11:54:57.657Z" },
    { url = "https://files.pythonhosted.org/packages/c7/da/32c752228ae345f489e3a42499d817b6c3996da7e8a3bc7a04fc806b243b/pillow-12.3.0-cp314-cp314-macosx_11_0_arm64.whl", hash = "sha256:e158cb00350dc278f3b91551101aa7d12415a66ebf2c91d8d5ac14e56ddd3ad0", size = 4780131, upload-time = "2026-07-01T11:54:59.713Z" },
    { url = "https://files.pythonhosted.org/packages/b1/9d/8b2c807dbef61a5197c047afe99823787eb66f63daf9fb2432f91d6f0462/pillow-12.3.0-cp314-cp314-manylinux_2_27_aarch64.manylinux_2_28_aarch64.whl", hash = "sha256:e9aeb04d6aef139de265b29683e119b638208f88cf73cdd1658aa07221165321", size = 6263757, upload-time = "2026-07-01T11:55:01.778Z" },
    { url = "https://files.pythonhosted.org/packages/5c/44/c85361f65dbe00eea8576ee467c768d25129989efb76e94f205e9ca9bb46/pillow-12.3.0-cp314-cp314-manylinux_2_27_x86_64.manylinux_2_28_x86_64.whl", hash = "sha256:251bf95b67017e27b13d82f5b326234ca62d70f9cf4c2b9032de2358a3b12c7b", size = 6936962, upload-time = "2026-07-01T11:55:03.93Z" },
    { url = "https://files.pythonhosted.org/packages/18/7e/e483414b35800b86b6f08dbbc7803fb5cd52c4d6f897f47d53ea2c7e6f65/pillow-12.3.0-cp314-cp314-musllinux_1_2_aarch64.whl", hash = "sha256:fe3cca2e4e8a592be0f269a1ca4835c25199d9f3ce815c8491048f785b0a0198", size = 6339171, upload-time = "2026-07-01T11:55:05.989Z" },
    { url = "https://files.pythonhosted.org/packages/f0/f4/68c491844841ede6bed70189546b3ee9731cf9f2cbad396faff5e1ccba45/pillow-12.3.0-cp314-cp314-musllinux_1_2_x86_64.whl", hash = "sha256:23aceaa007d6172b02c277f0cd359c79492bbb14f7072b4ede9fbcaf20648130", size = 7048116, upload-time = "2026-07-01T11:55:08.131Z" },
    { url = "https://files.pythonhosted.org/packages/a3/34/77f3f793fed8efc7d243f21b33c5a3f0d1c97ee70346d3db855587e155ff/pillow-12.3.0-cp314-cp314-win32.whl", hash = "sha256:af8d94b0db561cf68b88a267c5c44b49e134f525d0dc2cb7ed413a66bc23559a", size = 6467209, upload-time = "2026-07-01T11:55:10.408Z" },
    { url = "https://files.pythonhosted.org/packages/f1/e0/492879f69d94f91f60fc8cd05ba03650e9520afebb2fb7aa12777d7c7f38/pillow-12.3.0-cp314-cp314-win_amd64.whl", hash = "sha256:fdafc9cce40277e0f7a0feabce0ee50dd2fa1800f3b38015e51296b5e814048d", size = 7237707, upload-time = "2026-07-01T11:55:12.745Z" },
    { url = "https://files.pythonhosted.org/packages/c9/ac/6b11f2875f1c2ac040d84e1bbf9cf22a88038f901ca1037898b280b38365/pillow-12.3.0-cp314-cp314-win_arm64.whl", hash = "sha256:e91206ee562682b51b98ef4b26a6ef48fd84e15fd4c4bc5ec768eb641d206838", size = 2565995, upload-time = "2026-07-01T11:55:14.736Z" },
    { url = "https://files.pythonhosted.org/packages/52/69/c2208e56af9bfc1913afb24020297a691eb1d4ef688474c8a04913f65e04/pillow-12.3.0-cp314-cp314t-macosx_10_15_x86_64.whl", hash = "sha256:164b31cd1a0490ab6efae01aa5df49da7061be0af1b30e035b6e9a1bfe34ee6e", size = 5352503, upload-time = "2026-07-01T11:55:17.076Z" },
    { url = "https://files.pythonhosted.org/packages/07/70/e5686d753e898a45d778ff1718dba8516ead6ab6b95d85fc8c4b70650cf2/pillow-12.3.0-cp314-cp314t-macosx_11_0_arm64.whl", hash = "sha256:5afb51d599ea772b8365ae807ae557f18bccfe46ab261fd1c2a9ed700fc6eb17", size = 4782956, upload-time = "2026-07-01T11:55:19.448Z" },
    { url = "https://files.pythonhosted.org/packages/d5/37/25c6692f06927ee973ff18c8d9ee98ad0b4d84ee67a09610c2dd1447958e/pillow-12.3.0-cp314-cp314t-manylinux_2_27_aarch64.manylinux_2_28_aarch64.whl", hash = "sha256:3edce1d53195db527e0191f84b71d02022de0540bf43a16ed734ed7537b07385", size = 6322855, upload-time = "2026-07-01T11:55:21.613Z" },
    { url = "https://files.pythonhosted.org/packages/cc/91/420637fcb8f1bc11029e403b4538e6694744428d8246118e45719f944556/pillow-12.3.0-cp314-cp314t-manylinux_2_27_x86_64.manylinux_2_28_x86_64.whl", hash = "sha256:bf16ba1b4d0b6b7c8e534936632270cf70eb00dbe09005bc345b2677b726855c", size = 6989642, upload-time = "2026-07-01T11:55:24.006Z" },
    { url = "https://files.pythonhosted.org/packages/10/08/b94d7811281ccf0d143a1cf768d1c49e1e54af63e7b708ab2ee3eb87face/pillow-12.3.0-cp314-cp314t-musllinux_1_2_aarch64.whl", hash = "sha256:24870b09b224f7ae3c39ed07d10e819d06f8720bc551847b1d623832b5b0e28d", size = 6391281, upload-time = "2026-07-01T11:55:26.252Z" },
    { url = "https://files.pythonhosted.org/packages/d2/87/24233f785f55474dc02ce3e739c5528a77e3a862e9333d1dd7a25cc31f70/pillow-12.3.0-cp314-cp314t-musllinux_1_2_x86_64.whl", hash = "sha256:30f2aa603c41533cc25c05acd0da21636e84a315768feb631c937177db558931", size = 7096716, upload-time = "2026-07-01T11:55:28.318Z" },
    { url = "https://files.pythonhosted.org/packages/23/26/fcb2f6e37175b04f53570b59937867e2b80ee1685e744023153028fc14f9/pillow-12.3.0-cp314-cp314t-win32.whl", hash = "sha256:4b0a7fe987b14c31ebda6083f74f22b561fd3739bc0ac51e019622e3d72668c7", size = 6474125, upload-time = "2026-07-01T11:55:30.956Z" },
    { url = "https://files.pythonhosted.org/packages/90/de/3634abee5f1c9e13c56787b7d5517b0ba8d6de51700b95578cf338349c9f/pillow-12.3.0-cp314-cp314t-win_amd64.whl", hash = "sha256:962864dc93511324d51ddbb5b9f8731bf71675b93ca612a07441896f4688fb8c", size = 7242939, upload-time = "2026-07-01T11:55:34.044Z" },
    { url = "https://files.pythonhosted.org/packages/ce/2a/fd13f8eb24de5714a6eb444a3d67e2842c6c576e159a43793adf23051351/pillow-12.3.0-cp314-cp314t-win_arm64.whl", hash = "sha256:0740a512dc522224c77d9aa5a8d70d8b7d73fb91f2c21125d8d025d3b8990e45", size = 2567506, upload-time = "2026-07-01T11:55:35.988Z" },
    { url = "https://files.pythonhosted.org/packages/5d/dc/8fdce34ec725a33c81c6ba122b904d6b9024e50ea9ac7bede62fab54506c/pillow-12.3.0-cp315-cp315-ios_13_0_arm64_iphoneos.whl", hash = "sha256:0feb2e9d6ad6c9e3c06effe9d00f3f1e618a6643273576b016f591e9315a7139", size = 4162063, upload-time = "2026-07-01T11:55:37.941Z" },
    { url = "https://files.pythonhosted.org/packages/76/66/2044b9a63d3b84ff048228dfcb7cd9bf0df983e8470971bf7d4c57b693de/pillow-12.3.0-cp315-cp315-ios_13_0_arm64_iphonesimulator.whl", hash = "sha256:9e881fca225083806662a5c43d627d215f258ff43c890f831966c7d7ba9c7402", size = 4255549, upload-time = "2026-07-01T11:55:40.022Z" },
    { url = "https://files.pythonhosted.org/packages/52/7e/1f67e6f4ece6b582ee4b539decbcc9f848dc245a93ed8cd7338bafef72f1/pillow-12.3.0-cp315-cp315-ios_13_0_x86_64_iphonesimulator.whl", hash = "sha256:4998562bf62a445225f22e07c896bb04b35b1b1f2eb6d760584c9c51d7a5f78c", size = 3696331, upload-time = "2026-07-01T11:55:41.98Z" },
    { url = "https://files.pythonhosted.org/packages/12/40/d306fc2c8e4d45d7f175c77edca7063be7b86fe7fe6e68f4353bf71d808c/pillow-12.3.0-cp315-cp315-macosx_10_15_x86_64.whl", hash = "sha256:dc624f6bc473dacdf7ef7eb8678d0d08edf15cd94fad6ae5c7d6cc67a4e4902f", size = 5350370, upload-time = "2026-07-01T11:55:44.028Z" },
    { url = "https://files.pythonhosted.org/packages/dd/44/668fb1437e8ce420f62d6106eb66e44a5971602a4d794615bdf79315d82d/pillow-12.3.0-cp315-cp315-macosx_11_0_arm64.whl", hash = "sha256:71d6097b330eea8fd15097780c8e89cb1a8ce7838669f48c5bacd6f663dd4701", size = 4780147, upload-time = "2026-07-01T11:55:46.073Z" },
    { url = "https://files.pythonhosted.org/packages/0c/08/93fa2e70e30a2d81547e481b6ee2bb9522117221fb1e0ce4b5df70967677/pillow-12.3.0-cp315-cp315-manylinux_2_27_aarch64.manylinux_2_28_aarch64.whl", hash = "sha256:28ce87c5ab450a9dd970b52e5aca5fe63ed432d18a2eaddd1979a00a1ba24ace", size = 6273659, upload-time = "2026-07-01T11:55:48.264Z" },
    { url = "https://files.pythonhosted.org/packages/f8/6d/043e96ff814fc31a33077e4cba86082167db520c93632afdf2042febbb0c/pillow-12.3.0-cp315-cp315-manylinux_2_27_x86_64.manylinux_2_28_x86_64.whl", hash = "sha256:6b02afb9b97f65fbca5f31db6a2a3ba21aa93030225f150fa3f249717e938fb4", size = 6947439, upload-time = "2026-07-01T11:55:50.503Z" },
    { url = "https://files.pythonhosted.org/packages/af/92/ba71d2ee2ac0edf3fa33bd9d5ee9ee080da70b1766f3ca3934f9938ddac9/pillow-12.3.0-cp315-cp315-musllinux_1_2_aarch64.whl", hash = "sha256:1182d52bc2d5e5d7d0949503aa7e36d12f42205dc287e4883f407b1988820d39", size = 6353577, upload-time = "2026-07-01T11:55:52.697Z" },
    { url = "https://files.pythonhosted.org/packages/0f/ce/e63064e2122923ff687c8ad792d0d736a7b3920a56a46982e81a7fdd25d6/pillow-12.3.0-cp315-cp315-musllinux_1_2_x86_64.whl", hash = "sha256:e795b7eb908249c4e43c7c99fac7c2c75dab0c43566e37db472a355f63693d71", size = 7060394, upload-time = "2026-07-01T11:55:55.149Z" },
    { url = "https://files.pythonhosted.org/packages/54/76/a09cc3ccc8d773a7283d34c38bec1708f9e3cc932093cbc4c5e71ac4060b/pillow-12.3.0-cp315-cp315-win32.whl", hash = "sha256:57b3d78c95ba9059768b10e28b813002261d3f3dfc55cc48b0c988f625175827", size = 6467375, upload-time = "2026-07-01T11:55:57.769Z" },
    { url = "https://files.pythonhosted.org/packages/3e/03/1846c49ba3b1d5550392a4bbd06d6fb4578e1cd91a803198b5c90f5f7d53/pillow-12.3.0-cp315-cp315-win_amd64.whl", hash = "sha256:fa4ecea169a355be7a3ade2c783e2ed12f0e40d2c5621cda8b3297faf7fbb9f5", size = 7237048, upload-time = "2026-07-01T11:55:59.975Z" },
    { url = "https://files.pythonhosted.org/packages/fb/bb/89f35dcc79610423f9f195504d7def7f0d1416a711541b42867e25fe3412/pillow-12.3.0-cp315-cp315-win_arm64.whl", hash = "sha256:877c3f311ff35410f690861c4409e7ccbf0cd2f878e50628a28e5a0bb689e658", size = 2566006, upload-time = "2026-07-01T11:56:02.143Z" },
    { url = "https://files.pythonhosted.org/packages/30/88/707027ba09942dfa2c28759b5c222d769290a41c6d20ea60ec250801941f/pillow-12.3.0-cp315-cp315t-macosx_10_15_x86_64.whl", hash = "sha256:e9871b1ffbfa9656b60aeee92ed5136a5742696006fa322b29ea3d8da0ecc9cf", size = 5352509, upload-time = "2026-07-01T11:56:04.2Z" },
    { url = "https://files.pythonhosted.org/packages/b0/6d/00352fa25332c2569cd387851f568cc5a4b75a9adbfb37ac4fbce4c02eec/pillow-12.3.0-cp315-cp315t-macosx_11_0_arm64.whl", hash = "sha256:53aa02d20d10c3d814d536aa4e5ac9b84ca0ff5a88377963b085ad6822f93e64", size = 4783167, upload-time = "2026-07-01T11:56:06.631Z" },
    { url = "https://files.pythonhosted.org/packages/13/4f/9e049dfa21af7c22427275720e2490267ba8138120add5c4c574deb69782/pillow-12.3.0-cp315-cp315t-manylinux_2_27_aarch64.manylinux_2_28_aarch64.whl", hash = "sha256:446c34dcc4324b084a53b705127dc15717b22c5e140ae0a3c38349d4efec071e", size = 6329237, upload-time = "2026-07-01T11:56:08.868Z" },
    { url = "https://files.pythonhosted.org/packages/36/16/cf6eeaae8d0fce8dd390a33437cf68c5d5bd73834a2bc6e2f14efda0ab45/pillow-12.3.0-cp315-cp315t-manylinux_2_27_x86_64.manylinux_2_28_x86_64.whl", hash = "sha256:cf1845d02ad822a369a49f2bb9345b1614744267682e7a03527dc3bf6eea1777", size = 6997047, upload-time = "2026-07-01T11:56:11.379Z" },
    { url = "https://files.pythonhosted.org/packages/1e/69/dbf769bdd55f48bf5733cac28edc6364ffaa072ec9ba336266e4fe66be55/pillow-12.3.0-cp315-cp315t-musllinux_1_2_aarch64.whl", hash = "sha256:186941b6aef820ad110fb01fb06eb925374dc3a21b17e37ec9a53b250c6fe2d1", size = 6400440, upload-time = "2026-07-01T11:56:13.908Z" },
    { url = "https://files.pythonhosted.org/packages/a0/e1/ffc9cfc2eea0d178da8018e18e959301ad9d6bc9f3edb7181e748a474b97/pillow-12.3.0-cp315-cp315t-musllinux_1_2_x86_64.whl", hash = "sha256:f13c32a3abd6079a66d9526e18dad9b6d280384d49d7c54040cd57b6424041d9", size = 7105895, upload-time = "2026-07-01T11:56:16.575Z" },
    { url = "https://files.pythonhosted.org/packages/18/f0/a5595c1e8c3ae44b9828cb2f0fa8155e5095ef04d6327b8f61cf44a3df85/pillow-12.3.0-cp315-cp315t-win32.whl", hash = "sha256:1657923d2d45afb66526e5b933e5b3052e6bdea196c90d3abb2424e18c77dae8", size = 6474384, upload-time = "2026-07-01T11:56:18.855Z" },
    { url = "https://files.pythonhosted.org/packages/e4/04/62bcd9f844984c5938d3b05264a61d797a29d3e0812341a8204af70bbdee/pillow-12.3.0-cp315-cp315t-win_amd64.whl", hash = "sha256:8cd2f7bdda092d99c9fc2fb7391354f306d01443d22785d0cbfafa2e2c8bb418", size = 7243537, upload-time = "2026-07-01T11:56:21.214Z" },
    { url = "https://files.pythonhosted.org/packages/3d/68/1f3066acedf37673694a7141381d8f811ae97f30d34413d236abe7d489f1/pillow-12.3.0-cp315-cp315t-win_arm64.whl", hash = "sha256:06ff022112bc9cbf83b60f8e028d94ad87b60621706487e65f673de61610ab59", size = 2567491, upload-time = "2026-07-01T11:56:23.506Z" },
    { url = "https://files.pythonhosted.org/packages/75/18/2e8b40223153ccbc60df07f9e8928dc0c76202aa4e55ae9f53962b6510d6/pillow-12.3.0-pp311-pypy311_pp73-macosx_10_15_x86_64.whl", hash = "sha256:b3c777e849237620b022f7f297dd67705f9f5cf1685f09f02e46f93e92725468", size = 5302510, upload-time = "2026-07-01T11:56:25.736Z" },
    { url = "https://files.pythonhosted.org/packages/46/3e/51fabf59d5ab801ceab709453d3ab6b180083496579549de4c45ced6528a/pillow-12.3.0-pp311-pypy311_pp73-macosx_11_0_arm64.whl", hash = "sha256:b343699e8308bdc51978310e1c959c584e7869cc8c40780058c87da7781a1e94", size = 4736058, upload-time = "2026-07-01T11:56:28.041Z" },
    { url = "https://files.pythonhosted.org/packages/bf/20/22fe9384b7949e25fb1293bcfc84fb82590ff4ea6b37c95b24d26d793d86/pillow-12.3.0-pp311-pypy311_pp73-manylinux_2_27_aarch64.manylinux_2_28_aarch64.whl", hash = "sha256:fbd139c8447d25dd750ab79ee274cc5e1fe80fc56340ab10b18a195e1b6eca3e", size = 5237776, upload-time = "2026-07-01T11:56:30.263Z" },
    { url = "https://files.pythonhosted.org/packages/08/14/f6ba68107680ffa74b39985f3f30884e41318fbc4250caa423c79b4788bb/pillow-12.3.0-pp311-pypy311_pp73-manylinux_2_27_x86_64.manylinux_2_28_x86_64.whl", hash = "sha256:e7e480451b9fa137494bccd3a7d69adbe8ac65a87d97be61e11f1b1050a5bac3", size = 5860358, upload-time = "2026-07-01T11:56:32.68Z" },
    { url = "https://files.pythonhosted.org/packages/36/54/0169bc772ec491108b62f644f8ecf1fe5d8ae5ebafde2ee2142210166903/pillow-12.3.0-pp311-pypy311_pp73-win_amd64.whl", hash = "sha256:04f01d28a6aaff387bf842a13be313df23ba0597a44f1a976c9feb3c6ff4711a", size = 7231786, upload-time = "2026-07-01T11:56:35.046Z" },
]

[[package]]
name = "pygame"
version = "2.6.1"
source = { registry = "https://pypi.org/simple" }
sdist = { url = "https://files.pythonhosted.org/packages/49/cc/08bba60f00541f62aaa252ce0cfbd60aebd04616c0b9574f755b583e45ae/pygame-2.6.1.tar.gz", hash = "sha256:56fb02ead529cee00d415c3e007f75e0780c655909aaa8e8bf616ee09c9feb1f", size = 14808125, upload-time = "2024-09-29T13:41:34.698Z" }
wheels = [
    { url = "https://files.pythonhosted.org/packages/c4/ca/8f367cb9fe734c4f6f6400e045593beea2635cd736158f9fabf58ee14e3c/pygame-2.6.1-cp311-cp311-macosx_10_9_x86_64.whl", hash = "sha256:20349195326a5e82a16e351ed93465a7845a7e2a9af55b7bc1b2110ea3e344e1", size = 13113753, upload-time = "2024-09-29T14:26:13.751Z" },
    { url = "https://files.pythonhosted.org/packages/83/47/6edf2f890139616b3219be9cfcc8f0cb8f42eb15efd59597927e390538cb/pygame-2.6.1-cp311-cp311-macosx_11_0_arm64.whl", hash = "sha256:f3935459109da4bb0b3901da9904f0a3e52028a3332a355d298b1673a334cf21", size = 12378146, upload-time = "2024-09-29T14:26:22.456Z" },
    { url = "https://files.pythonhosted.org/packages/00/9e/0d8aa8cf93db2d2ee38ebaf1c7b61d0df36ded27eb726221719c150c673d/pygame-2.6.1-cp311-cp311-manylinux_2_17_aarch64.manylinux2014_aarch64.whl", hash = "sha256:c31dbdb5d0217f32764797d21c2752e258e5fb7e895326538d82b5f75a0cd856", size = 13611760, upload-time = "2024-09-29T11:10:47.317Z" },
    { url = "https://files.pythonhosted.org/packages/d7/9e/d06adaa5cc65876bcd7a24f59f67e07f7e4194e6298130024ed3fb22c456/pygame-2.6.1-cp311-cp311-manylinux_2_17_i686.manylinux2014_i686.whl", hash = "sha256:173badf82fa198e6888017bea40f511cb28e69ecdd5a72b214e81e4dcd66c3b1", size = 14298054, upload-time = "2024-09-29T11:39:53.891Z" },
    { url = "https://files.pythonhosted.org/packages/7a/a1/9ae2852ebd3a7cc7d9ae7ff7919ab983e4a5c1b7a14e840732f23b2b48f6/pygame-2.6.1-cp311-cp311-manylinux_2_17_x86_64.manylinux2014_x86_64.whl", hash = "sha256:ce8cc108b92de9b149b344ad2e25eedbe773af0dc41dfb24d1f07f679b558c60", size = 13977107, upload-time = "2024-09-29T11:39:56.831Z" },
    { url = "https://files.pythonhosted.org/packages/31/df/6788fd2e9a864d0496a77670e44a7c012184b7a5382866ab0e60c55c0f28/pygame-2.6.1-cp311-cp311-win32.whl", hash = "sha256:811e7b925146d8149d79193652cbb83e0eca0aae66476b1cb310f0f4226b8b5c", size = 10250863, upload-time = "2024-09-29T11:44:48.199Z" },
    { url = "https://files.pythonhosted.org/packages/d2/55/ca3eb851aeef4f6f2e98a360c201f0d00bd1ba2eb98e2c7850d80aabc526/pygame-2.6.1-cp311-cp311-win_amd64.whl", hash = "sha256:91476902426facd4bb0dad4dc3b2573bc82c95c71b135e0daaea072ed528d299", size = 10622016, upload-time = "2024-09-29T12:17:01.545Z" },
    { url = "https://files.pythonhosted.org/packages/92/16/2c602c332f45ff9526d61f6bd764db5096ff9035433e2172e2d2cadae8db/pygame-2.6.1-cp312-cp312-macosx_10_9_x86_64.whl", hash = "sha256:4ee7f2771f588c966fa2fa8b829be26698c9b4836f82ede5e4edc1a68594942e", size = 13118279, upload-time = "2024-09-29T14:26:30.427Z" },
    { url = "https://files.pythonhosted.org/packages/cd/53/77ccbc384b251c6e34bfd2e734c638233922449a7844e3c7a11ef91cee39/pygame-2.6.1-cp312-cp312-macosx_11_0_arm64.whl", hash = "sha256:c8040ea2ab18c6b255af706ec01355c8a6b08dc48d77fd4ee783f8fc46a843bf", size = 12384524, upload-time = "2024-09-29T14:26:49.996Z" },
    { url = "https://files.pythonhosted.org/packages/06/be/3ed337583f010696c3b3435e89a74fb29d0c74d0931e8f33c0a4246307a9/pygame-2.6.1-cp312-cp312-manylinux_2_17_aarch64.manylinux2014_aarch64.whl", hash = "sha256:c47a6938de93fa610accd4969e638c2aebcb29b2fca518a84c3a39d91ab47116", size = 13587123, upload-time = "2024-09-29T11:10:50.072Z" },
    { url = "https://files.pythonhosted.org/packages/fd/ca/b015586a450db59313535662991b34d24c1f0c0dc149cc5f496573900f4e/pygame-2.6.1-cp312-cp312-manylinux_2_17_i686.manylinux2014_i686.whl", hash = "sha256:33006f784e1c7d7e466fcb61d5489da59cc5f7eb098712f792a225df1d4e229d", size = 14275532, upload-time = "2024-09-29T11:39:59.356Z" },
    { url = "https://files.pythonhosted.org/packages/b9/f2/d31e6ad42d657af07be2ffd779190353f759a07b51232b9e1d724f2cda46/pygame-2.6.1-cp312-cp312-manylinux_2_17_x86_64.manylinux2014_x86_64.whl", hash = "sha256:1206125f14cae22c44565c9d333607f1d9f59487b1f1432945dfc809aeaa3e88", size = 13952653, upload-time = "2024-09-29T11:40:01.781Z" },
    { url = "https://files.pythonhosted.org/packages/f3/42/8ea2a6979e6fa971702fece1747e862e2256d4a8558fe0da6364dd946c53/pygame-2.6.1-cp312-cp312-win32.whl", hash = "sha256:84fc4054e25262140d09d39e094f6880d730199710829902f0d8ceae0213379e", size = 10252421, upload-time = "2024-09-29T11:14:26.877Z" },
    { url = "https://files.pythonhosted.org/packages/5f/90/7d766d54bb95939725e9a9361f9c06b0cfbe3fe100aa35400f0a461a278a/pygame-2.6.1-cp312-cp312-win_amd64.whl", hash = "sha256:3a9e7396be0d9633831c3f8d5d82dd63ba373ad65599628294b7a4f8a5a01a65", size = 10624591, upload-time = "2024-09-29T11:52:54.489Z" },
    { url = "https://files.pythonhosted.org/packages/e1/91/718acf3e2a9d08a6ddcc96bd02a6f63c99ee7ba14afeaff2a51c987df0b9/pygame-2.6.1-cp313-cp313-macosx_10_13_x86_64.whl", hash = "sha256:ae6039f3a55d800db80e8010f387557b528d34d534435e0871326804df2a62f2", size = 13090765, upload-time = "2024-09-29T14:27:02.377Z" },
    { url = "https://files.pythonhosted.org/packages/0e/c6/9cb315de851a7682d9c7568a41ea042ee98d668cb8deadc1dafcab6116f0/pygame-2.6.1-cp313-cp313-macosx_11_0_arm64.whl", hash = "sha256:2a3a1288e2e9b1e5834e425bedd5ba01a3cd4902b5c2bff8ed4a740ccfe98171", size = 12381704, upload-time = "2024-09-29T14:27:10.228Z" },
    { url = "https://files.pythonhosted.org/packages/9f/8f/617a1196e31ae3b46be6949fbaa95b8c93ce15e0544266198c2266cc1b4d/pygame-2.6.1-cp313-cp313-manylinux_2_17_aarch64.manylinux2014_aarch64.whl", hash = "sha256:27eb17e3dc9640e4b4683074f1890e2e879827447770470c2aba9f125f74510b", size = 13581091, upload-time = "2024-09-29T11:30:27.653Z" },
    { url = "https://files.pythonhosted.org/packages/3b/87/2851a564e40a2dad353f1c6e143465d445dab18a95281f9ea458b94f3608/pygame-2.6.1-cp313-cp313-manylinux_2_17_i686.manylinux2014_i686.whl", hash = "sha256:4c1623180e70a03c4a734deb9bac50fc9c82942ae84a3a220779062128e75f3b", size = 14273844, upload-time = "2024-09-29T11:40:04.138Z" },
    { url = "https://files.pythonhosted.org/packages/85/b5/aa23aa2e70bcba42c989c02e7228273c30f3b44b9b264abb93eaeff43ad7/pygame-2.6.1-cp313-cp313-manylinux_2_17_x86_64.manylinux2014_x86_64.whl", hash = "sha256:ef07c0103d79492c21fced9ad68c11c32efa6801ca1920ebfd0f15fb46c78b1c", size = 13951197, upload-time = "2024-09-29T11:40:06.785Z" },
    { url = "https://files.pythonhosted.org/packages/a6/06/29e939b34d3f1354738c7d201c51c250ad7abefefaf6f8332d962ff67c4b/pygame-2.6.1-cp313-cp313-win32.whl", hash = "sha256:3acd8c009317190c2bfd81db681ecef47d5eb108c2151d09596d9c7ea9df5c0e", size = 10249309, upload-time = "2024-09-29T11:10:23.329Z" },
    { url = "https://files.pythonhosted.org/packages/7e/11/17f7f319ca91824b86557e9303e3b7a71991ef17fd45286bf47d7f0a38e6/pygame-2.6.1-cp313-cp313-win_amd64.whl", hash = "sha256:813af4fba5d0b2cb8e58f5d95f7910295c34067dcc290d34f1be59c48bd1ea6a", size = 10620084, upload-time = "2024-09-29T11:48:51.587Z" },
]

[[package]]
name = "python-mpv"
version = "1.0.8"
source = { registry = "https://pypi.org/simple" }
sdist = { url = "https://files.pythonhosted.org/packages/77/bc/6aa34c8805ff62e2fefc7d171563c60598aac215d5241186031a2c839935/python_mpv-1.0.8.tar.gz", hash = "sha256:017fa359da059c831a94c419083491903e6d2f7c81b9841c33c196cabf4b3fe3", size = 52680, upload-time = "2025-04-25T09:51:40.048Z" }
wheels = [
    { url = "https://files.pythonhosted.org/packages/22/f3/4c632eaacebfc62ab9414586137aecf6c0ea2a1e99708cf5a4c0dec13ae0/python_mpv-1.0.8-py3-none-any.whl", hash = "sha256:b5296403e990fb7348df4ca2211937a030f524bf638657bda7e45a00bc2df0cd", size = 46169, upload-time = "2025-04-25T09:51:37.775Z" },
]

[[package]]
name = "smbus2"
version = "0.6.1"
source = { registry = "https://pypi.org/simple" }
sdist = { url = "https://files.pythonhosted.org/packages/87/37/b3f7b501502c4915ba3819d1dc277bf3f5fae4a9d067caa4f502aaddd889/smbus2-0.6.1.tar.gz", hash = "sha256:2b043372abf8f6029a632c3aab36b641c5d5872b1cbad599fc68e17ac4fd90a5", size = 17274, upload-time = "2026-04-09T20:37:54.821Z" }
wheels = [
    { url = "https://files.pythonhosted.org/packages/96/f2/c78a68bd739ac8fc608747cff73a4db3b19f3135658ed4e64374f6425cbf/smbus2-0.6.1-py2.py3-none-any.whl", hash = "sha256:650feeb27ca0ed58b07db4c10201c2a662c41305b7bf6e5fab9d888056f48180", size = 11767, upload-time = "2026-04-09T20:37:53.728Z" },
]
